
Microsoft Visual Studio Solution File, Format Version 12.00
# Visual Studio Version 17
VisualStudioVersion = 17.8.34511.84
MinimumVisualStudioVersion = 10.0.40219.1
Project("{FAE04EC0-301F-11D3-BF4B-00C04F79EFBC}") = "1", "Task 2 - Credo BA\1.csproj", "{111B172D-4F6E-46A1-A741-B03B4FD0B05F}"
EndProject
Project("{FAE04EC0-301F-11D3-BF4B-00C04F79EFBC}") = "2", "2\2.csproj", "{13655E8B-E947-4C25-A269-637581F0D687}"
EndProject
Project("{FAE04EC0-301F-11D3-BF4B-00C04F79EFBC}") = "3", "3\3.csproj", "{83FA2DAD-5847-4DE8-8998-704E14ADD91C}"
EndProject
Project("{FAE04EC0-301F-11D3-BF4B-00C04F79EFBC}") = "4", "4\4.csproj", "{46749093-D661-4F7E-8AE7-66E73E393CB4}"
EndProject
Project("{FAE04EC0-301F-11D3-BF4B-00C04F79EFBC}") = "5", "5\5.csproj", "{B9918AB4-F02D-4E00-B5F8-070367B26717}"
EndProject
Global
	GlobalSection(SolutionConfigurationPlatforms) = preSolution
		Debug|Any CPU = Debug|Any CPU
		Release|Any CPU = Release|Any CPU
	EndGlobalSection
	GlobalSection(ProjectConfigurationPlatforms) = postSolution
		{111B172D-4F6E-46A1-A741-B03B4FD0B05F}.Debug|Any CPU.ActiveCfg = Debug|Any CPU
		{111B172D-4F6E-46A1-A741-B03B4FD0B05F}.Debug|Any CPU.Build.0 = Debug|Any CPU
		{111B172D-4F6E-46A1-A741-B03B4FD0B05F}.Release|Any CPU.ActiveCfg = Release|Any CPU
		{111B172D-4F6E-46A1-A741-B03B4FD0B05F}.Release|Any CPU.Build.0 = Release|Any CPU
		{13655E8B-E947-4C25-A269-637581F0D687}.Debug|Any CPU.ActiveCfg = Debug|Any CPU
		{13655E8B-E947-4C25-A269-637581F0D687}.Debug|Any CPU.Build.0 = Debug|Any CPU
		{13655E8B-E947-4C25-A269-637581F0D687}.Release|Any CPU.ActiveCfg = Release|Any CPU
		{13655E8B-E947-4C25-A269-637581F0D687}.Release|Any CPU.Build.0 = Release|Any CPU
		{83FA2DAD-5847-4DE8-8998-704E14ADD91C}.Debug|Any CPU.ActiveCfg = Debug|Any CPU
		{83FA2DAD-5847-4DE8-8998-704E14ADD91C}.Debug|Any CPU.Build.0 = Debug|Any CPU
		{83FA2DAD-5847-4DE8-8998-704E14ADD91C}.Release|Any CPU.ActiveCfg = Release|Any CPU
		{83FA2DAD-5847-4DE8-8998-704E14ADD91C}.Release|Any CPU.Build.0 = Release|Any CPU
		{46749093-D661-4F7E-8AE7-66E73E393CB4}.Debug|Any CPU.ActiveCfg = Debug|Any CPU
		{46749093-D661-4F7E-8AE7-66E73E393CB4}.Debug|Any CPU.Build.0 = Debug|Any CPU
		{46749093-D661-4F7E-8AE7-66E73E393CB4}.Release|Any CPU.ActiveCfg = Release|Any CPU
		{46749093-D661-4F7E-8AE7-66E73E393CB4}.Release|Any CPU.Build.0 = Release|Any CPU
		{B9918AB4-F02D-4E00-B5F8-070367B26717}.Debug|Any CPU.ActiveCfg = Debug|Any CPU
		{B9918AB4-F02D-4E00-B5F8-070367B26717}.Debug|Any CPU.Build.0 = Debug|Any CPU
		{B9918AB4-F02D-4E00-B5F8-070367B26717}.Release|Any CPU.ActiveCfg = Release|Any CPU
		{B9918AB4-F02D-4E00-B5F8-070367B26717}.Release|Any CPU.Build.0 = Release|Any CPU
	EndGlobalSection
	GlobalSection(SolutionProperties) = preSolution
		HideSolutionNode = FALSE
	EndGlobalSection
	GlobalSection(ExtensibilityGlobals) = postSolution
		SolutionGuid = {A5DAF48B-C799-4A39-9287-BF2C774338AE}
	EndGlobalSection
EndGlobal
